{
  "name": "tests",
  "version": "1.0.0",
  "lockfileVersion": 3,
  "requires": true,
  "packages": {
    "": {
      "name": "tests",
      "version": "1.0.0",
      "license": "ISC",
      "dependencies": {
        "miniplay-js": "file:../miniplay-js/dist/build-test/miniplay-js-0.1.0.tgz"
      }
    },
    "node_modules/miniplay-js": {
      "version": "0.1.0",
      "resolved": "file:../miniplay-js/dist/build-test/miniplay-js-0.1.0.tgz",
      "integrity": "sha512-UsSH86VdRbRyabHXQWrs9wtJLgYEfAad7jJzfMsfXSvPE0OIJwhZ1BWuDEuA/dyneThpzpk27oX/by91vCiqUg==",
      "license": "Apache-2.0"
    }
  }
}
