{
  "name": "tests",
  "version": "1.0.0",
  "lockfileVersion": 3,
  "requires": true,
  "packages": {
    "": {
      "name": "tests",
      "version": "1.0.0",
      "license": "ISC",
      "dependencies": {
        "miniplay-js": "file:../miniplay-js/dist/build-test/miniplay-js-0.1.0.tgz"
      },
      "devDependencies": {
        "typescript": "5.9.2"
      }
    },
    "node_modules/miniplay-js": {
      "version": "0.1.0",
      "resolved": "file:../miniplay-js/dist/build-test/miniplay-js-0.1.0.tgz",
      "integrity": "sha512-DHHhLLghZtKHC0gQ+WyyeoL4dWozNZPX6vcr8/nLH2Nqk+fu126E2fJ3da95Es3It2LPzy0yP7wM+PShrNWOMA==",
      "license": "Apache-2.0"
    },
    "node_modules/typescript": {
      "version": "5.9.2",
      "resolved": "https://registry.npmjs.org/typescript/-/typescript-5.9.2.tgz",
      "integrity": "sha512-CWBzXQrc/qOkhidw1OzBTQuYRbfyxDXJMVJ1XNwUHGROVmuaeiEm3OslpZ1RV96d7SKKjZKrSJu3+t/xlw3R9A==",
      "dev": true,
      "license": "Apache-2.0",
      "bin": {
        "tsc": "bin/tsc",
        "tsserver": "bin/tsserver"
      },
      "engines": {
        "node": ">=14.17"
      }
    }
  }
}
